
Microsoft Visual Studio Solution File, Format Version 12.00
# Visual Studio 2012
Project("{8BC9CEB8-8B4A-11D0-8D11-00A0C91BC942}") = "windowsforms", "windowsforms\windowsforms.vcxproj", "{7EF79856-3707-4FBD-9E90-38AC1DF4CA72}"
EndProject
Global
	GlobalSection(SolutionConfigurationPlatforms) = preSolution
		Debug|Win32 = Debug|Win32
		Release|Win32 = Release|Win32
	EndGlobalSection
	GlobalSection(ProjectConfigurationPlatforms) = postSolution
		{7EF79856-3707-4FBD-9E90-38AC1DF4CA72}.Debug|Win32.ActiveCfg = Debug|Win32
		{7EF79856-3707-4FBD-9E90-38AC1DF4CA72}.Debug|Win32.Build.0 = Debug|Win32
		{7EF79856-3707-4FBD-9E90-38AC1DF4CA72}.Release|Win32.ActiveCfg = Release|Win32
		{7EF79856-3707-4FBD-9E90-38AC1DF4CA72}.Release|Win32.Build.0 = Release|Win32
	EndGlobalSection
	GlobalSection(SolutionProperties) = preSolution
		HideSolutionNode = FALSE
	EndGlobalSection
EndGlobal
